
Microsoft Visual Studio Solution File, Format Version 12.00
# Visual Studio 15
VisualStudioVersion = 15.0.36001.139
MinimumVisualStudioVersion = 10.0.40219.1
Project("{FAE04EC0-301F-11D3-BF4B-00C04F79EFBC}") = "WPF", "WPF\WPF.csproj", "{987586DD-0ECF-4D45-8B24-F70C2065BA98}"
EndProject
Project("{FAE04EC0-301F-11D3-BF4B-00C04F79EFBC}") = "Grid", "Grid\Grid.csproj", "{C99FBFFB-2A3C-4E1A-B6DE-23D4313401A3}"
EndProject
Project("{FAE04EC0-301F-11D3-BF4B-00C04F79EFBC}") = "Binding", "Binding\Binding.csproj", "{853D72F1-5622-4E0F-86E0-FD40AFB70290}"
EndProject
Project("{FAE04EC0-301F-11D3-BF4B-00C04F79EFBC}") = "ListBox", "ListBox\ListBox.csproj", "{6048337F-83AD-439F-A1F6-4D46DC57E55E}"
EndProject
Project("{FAE04EC0-301F-11D3-BF4B-00C04F79EFBC}") = "MenuBar", "MenuBar\MenuBar.csproj", "{6AFD4861-3CE5-483B-9460-47E8D0FE04C0}"
EndProject
Project("{FAE04EC0-301F-11D3-BF4B-00C04F79EFBC}") = "CustomTextboxControl", "CustomTextboxControl\CustomTextboxControl.csproj", "{24FAC4CC-4FFB-4CD6-8167-BBF79D5DCAEB}"
EndProject
Global
	GlobalSection(SolutionConfigurationPlatforms) = preSolution
		Debug|Any CPU = Debug|Any CPU
		Release|Any CPU = Release|Any CPU
	EndGlobalSection
	GlobalSection(ProjectConfigurationPlatforms) = postSolution
		{987586DD-0ECF-4D45-8B24-F70C2065BA98}.Debug|Any CPU.ActiveCfg = Debug|Any CPU
		{987586DD-0ECF-4D45-8B24-F70C2065BA98}.Debug|Any CPU.Build.0 = Debug|Any CPU
		{987586DD-0ECF-4D45-8B24-F70C2065BA98}.Release|Any CPU.ActiveCfg = Release|Any CPU
		{987586DD-0ECF-4D45-8B24-F70C2065BA98}.Release|Any CPU.Build.0 = Release|Any CPU
		{C99FBFFB-2A3C-4E1A-B6DE-23D4313401A3}.Debug|Any CPU.ActiveCfg = Debug|Any CPU
		{C99FBFFB-2A3C-4E1A-B6DE-23D4313401A3}.Debug|Any CPU.Build.0 = Debug|Any CPU
		{C99FBFFB-2A3C-4E1A-B6DE-23D4313401A3}.Release|Any CPU.ActiveCfg = Release|Any CPU
		{C99FBFFB-2A3C-4E1A-B6DE-23D4313401A3}.Release|Any CPU.Build.0 = Release|Any CPU
		{853D72F1-5622-4E0F-86E0-FD40AFB70290}.Debug|Any CPU.ActiveCfg = Debug|Any CPU
		{853D72F1-5622-4E0F-86E0-FD40AFB70290}.Debug|Any CPU.Build.0 = Debug|Any CPU
		{853D72F1-5622-4E0F-86E0-FD40AFB70290}.Release|Any CPU.ActiveCfg = Release|Any CPU
		{853D72F1-5622-4E0F-86E0-FD40AFB70290}.Release|Any CPU.Build.0 = Release|Any CPU
		{6048337F-83AD-439F-A1F6-4D46DC57E55E}.Debug|Any CPU.ActiveCfg = Debug|Any CPU
		{6048337F-83AD-439F-A1F6-4D46DC57E55E}.Debug|Any CPU.Build.0 = Debug|Any CPU
		{6048337F-83AD-439F-A1F6-4D46DC57E55E}.Release|Any CPU.ActiveCfg = Release|Any CPU
		{6048337F-83AD-439F-A1F6-4D46DC57E55E}.Release|Any CPU.Build.0 = Release|Any CPU
		{6AFD4861-3CE5-483B-9460-47E8D0FE04C0}.Debug|Any CPU.ActiveCfg = Debug|Any CPU
		{6AFD4861-3CE5-483B-9460-47E8D0FE04C0}.Debug|Any CPU.Build.0 = Debug|Any CPU
		{6AFD4861-3CE5-483B-9460-47E8D0FE04C0}.Release|Any CPU.ActiveCfg = Release|Any CPU
		{6AFD4861-3CE5-483B-9460-47E8D0FE04C0}.Release|Any CPU.Build.0 = Release|Any CPU
		{24FAC4CC-4FFB-4CD6-8167-BBF79D5DCAEB}.Debug|Any CPU.ActiveCfg = Debug|Any CPU
		{24FAC4CC-4FFB-4CD6-8167-BBF79D5DCAEB}.Debug|Any CPU.Build.0 = Debug|Any CPU
		{24FAC4CC-4FFB-4CD6-8167-BBF79D5DCAEB}.Release|Any CPU.ActiveCfg = Release|Any CPU
		{24FAC4CC-4FFB-4CD6-8167-BBF79D5DCAEB}.Release|Any CPU.Build.0 = Release|Any CPU
	EndGlobalSection
	GlobalSection(SolutionProperties) = preSolution
		HideSolutionNode = FALSE
	EndGlobalSection
	GlobalSection(ExtensibilityGlobals) = postSolution
		SolutionGuid = {AF476E0D-4ACD-43E2-8ECF-6083531C90FF}
	EndGlobalSection
EndGlobal
