
Microsoft Visual Studio Solution File, Format Version 12.00
# Visual Studio 15
VisualStudioVersion = 15.0.36001.139
MinimumVisualStudioVersion = 10.0.40219.1
Project("{FAE04EC0-301F-11D3-BF4B-00C04F79EFBC}") = "Clock", "Clock\Clock.csproj", "{5D1F5965-35A7-4AA2-92C4-7E9CE348CFE4}"
EndProject
Project("{54435603-DBB4-11D2-8724-00A0C9A8B90C}") = "ClockSetup", "ClockSetup\ClockSetup.vdproj", "{4FAD5C9D-0197-4400-B7F6-F3D149F11905}"
EndProject
Project("{FAE04EC0-301F-11D3-BF4B-00C04F79EFBC}") = "Autorunner", "Autorunner\Autorunner.csproj", "{DECA1E2D-8C6E-4AC7-A657-36EBD4307F19}"
EndProject
Global
	GlobalSection(SolutionConfigurationPlatforms) = preSolution
		Debug|Any CPU = Debug|Any CPU
		Release|Any CPU = Release|Any CPU
	EndGlobalSection
	GlobalSection(ProjectConfigurationPlatforms) = postSolution
		{5D1F5965-35A7-4AA2-92C4-7E9CE348CFE4}.Debug|Any CPU.ActiveCfg = Debug|Any CPU
		{5D1F5965-35A7-4AA2-92C4-7E9CE348CFE4}.Debug|Any CPU.Build.0 = Debug|Any CPU
		{5D1F5965-35A7-4AA2-92C4-7E9CE348CFE4}.Release|Any CPU.ActiveCfg = Release|Any CPU
		{5D1F5965-35A7-4AA2-92C4-7E9CE348CFE4}.Release|Any CPU.Build.0 = Release|Any CPU
		{4FAD5C9D-0197-4400-B7F6-F3D149F11905}.Debug|Any CPU.ActiveCfg = Debug
		{4FAD5C9D-0197-4400-B7F6-F3D149F11905}.Release|Any CPU.ActiveCfg = Release
		{DECA1E2D-8C6E-4AC7-A657-36EBD4307F19}.Debug|Any CPU.ActiveCfg = Debug|Any CPU
		{DECA1E2D-8C6E-4AC7-A657-36EBD4307F19}.Debug|Any CPU.Build.0 = Debug|Any CPU
		{DECA1E2D-8C6E-4AC7-A657-36EBD4307F19}.Release|Any CPU.ActiveCfg = Release|Any CPU
		{DECA1E2D-8C6E-4AC7-A657-36EBD4307F19}.Release|Any CPU.Build.0 = Release|Any CPU
	EndGlobalSection
	GlobalSection(SolutionProperties) = preSolution
		HideSolutionNode = FALSE
	EndGlobalSection
	GlobalSection(ExtensibilityGlobals) = postSolution
		SolutionGuid = {392699CD-58DE-46DB-B5BD-B0CFA365F99A}
	EndGlobalSection
EndGlobal
